
Microsoft Visual Studio Solution File, Format Version 12.00
# Visual Studio 15
VisualStudioVersion = 15.0.28010.2036
MinimumVisualStudioVersion = 10.0.40219.1
Project("{FAE04EC0-301F-11D3-BF4B-00C04F79EFBC}") = "ConsoleKings", "ConsoleKings\ConsoleKings.csproj", "{ADB1BB80-C113-45D8-BCBD-2383DA8944D6}"
EndProject
Global
	GlobalSection(SolutionConfigurationPlatforms) = preSolution
		Debug|Any CPU = Debug|Any CPU
		Release|Any CPU = Release|Any CPU
	EndGlobalSection
	GlobalSection(ProjectConfigurationPlatforms) = postSolution
		{ADB1BB80-C113-45D8-BCBD-2383DA8944D6}.Debug|Any CPU.ActiveCfg = Debug|Any CPU
		{ADB1BB80-C113-45D8-BCBD-2383DA8944D6}.Debug|Any CPU.Build.0 = Debug|Any CPU
		{ADB1BB80-C113-45D8-BCBD-2383DA8944D6}.Release|Any CPU.ActiveCfg = Release|Any CPU
		{ADB1BB80-C113-45D8-BCBD-2383DA8944D6}.Release|Any CPU.Build.0 = Release|Any CPU
	EndGlobalSection
	GlobalSection(SolutionProperties) = preSolution
		HideSolutionNode = FALSE
	EndGlobalSection
	GlobalSection(ExtensibilityGlobals) = postSolution
		SolutionGuid = {23146B40-17E7-49A0-8079-E26AC86DA8F4}
	EndGlobalSection
EndGlobal
